
Microsoft Visual Studio Solution File, Format Version 12.00
# Visual Studio Version 17
VisualStudioVersion = 17.5.002.0
MinimumVisualStudioVersion = 10.0.40219.1
Project("{9A19103F-16F7-4668-BE54-9A1E7A4F7556}") = "codingtest", "codingtest\codingtest.csproj", "{BF88D427-A192-42AF-AAE7-6F06B6EA03EA}"
EndProject
Project("{9A19103F-16F7-4668-BE54-9A1E7A4F7556}") = "tests", "tests\tests.csproj", "{BB75C357-123C-40D3-B1D4-9AB21199F86C}"
EndProject
Global
	GlobalSection(SolutionConfigurationPlatforms) = preSolution
		Debug|Any CPU = Debug|Any CPU
		Release|Any CPU = Release|Any CPU
	EndGlobalSection
	GlobalSection(ProjectConfigurationPlatforms) = postSolution
		{BF88D427-A192-42AF-AAE7-6F06B6EA03EA}.Debug|Any CPU.ActiveCfg = Debug|Any CPU
		{BF88D427-A192-42AF-AAE7-6F06B6EA03EA}.Debug|Any CPU.Build.0 = Debug|Any CPU
		{BF88D427-A192-42AF-AAE7-6F06B6EA03EA}.Release|Any CPU.ActiveCfg = Release|Any CPU
		{BF88D427-A192-42AF-AAE7-6F06B6EA03EA}.Release|Any CPU.Build.0 = Release|Any CPU
		{BB75C357-123C-40D3-B1D4-9AB21199F86C}.Debug|Any CPU.ActiveCfg = Debug|Any CPU
		{BB75C357-123C-40D3-B1D4-9AB21199F86C}.Debug|Any CPU.Build.0 = Debug|Any CPU
		{BB75C357-123C-40D3-B1D4-9AB21199F86C}.Release|Any CPU.ActiveCfg = Release|Any CPU
		{BB75C357-123C-40D3-B1D4-9AB21199F86C}.Release|Any CPU.Build.0 = Release|Any CPU
	EndGlobalSection
	GlobalSection(SolutionProperties) = preSolution
		HideSolutionNode = FALSE
	EndGlobalSection
	GlobalSection(ExtensibilityGlobals) = postSolution
		SolutionGuid = {82C2F81E-44ED-4430-8338-15D286603A36}
	EndGlobalSection
EndGlobal
